// !$*UTF8*$!
{
	archiveVersion = 1;
	classes = {
	};
	objectVersion = 46;
	objects = {

/* Begin PBXBuildFile section */
		AF1E70751A704C0D00FE05CD /* main.m in Sources */ = {isa = PBXBuildFile; fileRef = AF1E70741A704C0D00FE05CD /* main.m */; };
		AF1E70781A704C0D00FE05CD /* AppDelegate.m in Sources */ = {isa = PBXBuildFile; fileRef = AF1E70771A704C0D00FE05CD /* AppDelegate.m */; };
		AF1E70801A704C0D00FE05CD /* Images.xcassets in Resources */ = {isa = PBXBuildFile; fileRef = AF1E707F1A704C0D00FE05CD /* Images.xcassets */; };
		AF1E70831A704C0D00FE05CD /* LaunchScreen.xib in Resources */ = {isa = PBXBuildFile; fileRef = AF1E70811A704C0D00FE05CD /* LaunchScreen.xib */; };
		AF1E708F1A704C0E00FE05CD /* HunchTests.m in Sources */ = {isa = PBXBuildFile; fileRef = AF1E708E1A704C0E00FE05CD /* HunchTests.m */; };
		AF1E709D1A70500D00FE05CD /* QuestionViewController.m in Sources */ = {isa = PBXBuildFile; fileRef = AF1E709B1A70500D00FE05CD /* QuestionViewController.m */; };
		AF1E709E1A70500D00FE05CD /* QuestionViewController.xib in Resources */ = {isa = PBXBuildFile; fileRef = AF1E709C1A70500D00FE05CD /* QuestionViewController.xib */; };
		AF1E70A11A70540000FE05CD /* Parse.framework in Frameworks */ = {isa = PBXBuildFile; fileRef = AF1E70A01A70540000FE05CD /* Parse.framework */; };
		AF1E70A31A70541B00FE05CD /* Bolts.framework in Frameworks */ = {isa = PBXBuildFile; fileRef = AF1E70A21A70541B00FE05CD /* Bolts.framework */; };
		AF1E70A51A70543D00FE05CD /* AudioToolbox.framework in Frameworks */ = {isa = PBXBuildFile; fileRef = AF1E70A41A70543D00FE05CD /* AudioToolbox.framework */; };
		AF1E70A71A70544400FE05CD /* CFNetwork.framework in Frameworks */ = {isa = PBXBuildFile; fileRef = AF1E70A61A70544400FE05CD /* CFNetwork.framework */; };
		AF1E70A91A70544A00FE05CD /* CoreGraphics.framework in Frameworks */ = {isa = PBXBuildFile; fileRef = AF1E70A81A70544A00FE05CD /* CoreGraphics.framework */; };
		AF1E70AB1A70545000FE05CD /* CoreLocation.framework in Frameworks */ = {isa = PBXBuildFile; fileRef = AF1E70AA1A70545000FE05CD /* CoreLocation.framework */; };
		AF1E70AD1A70545900FE05CD /* MobileCoreServices.framework in Frameworks */ = {isa = PBXBuildFile; fileRef = AF1E70AC1A70545900FE05CD /* MobileCoreServices.framework */; };
		AF1E70AF1A70545F00FE05CD /* QuartzCore.framework in Frameworks */ = {isa = PBXBuildFile; fileRef = AF1E70AE1A70545F00FE05CD /* QuartzCore.framework */; };
		AF1E70B11A70546600FE05CD /* Security.framework in Frameworks */ = {isa = PBXBuildFile; fileRef = AF1E70B01A70546600FE05CD /* Security.framework */; };
		AF1E70B31A70546C00FE05CD /* StoreKit.framework in Frameworks */ = {isa = PBXBuildFile; fileRef = AF1E70B21A70546C00FE05CD /* StoreKit.framework */; };
		AF1E70B51A70547600FE05CD /* SystemConfiguration.framework in Frameworks */ = {isa = PBXBuildFile; fileRef = AF1E70B41A70547600FE05CD /* SystemConfiguration.framework */; };
		AF1E70B71A70547E00FE05CD /* libz.dylib in Frameworks */ = {isa = PBXBuildFile; fileRef = AF1E70B61A70547E00FE05CD /* libz.dylib */; };
		AF1E70B91A70548600FE05CD /* libsqlite3.dylib in Frameworks */ = {isa = PBXBuildFile; fileRef = AF1E70B81A70548600FE05CD /* libsqlite3.dylib */; };
		AF1E70BF1A70585900FE05CD /* AskQuestionViewController.m in Sources */ = {isa = PBXBuildFile; fileRef = AF1E70BD1A70585900FE05CD /* AskQuestionViewController.m */; };
		AF1E70C01A70585900FE05CD /* AskQuestionViewController.xib in Resources */ = {isa = PBXBuildFile; fileRef = AF1E70BE1A70585900FE05CD /* AskQuestionViewController.xib */; };
		AF3E5A191A7694B4002574A1 /* UIControl+NextControl.m in Sources */ = {isa = PBXBuildFile; fileRef = AF3E5A181A7694B4002574A1 /* UIControl+NextControl.m */; };
		AF3E5A1E1A76F3EF002574A1 /* ProfileViewController.m in Sources */ = {isa = PBXBuildFile; fileRef = AF3E5A1C1A76F3EF002574A1 /* ProfileViewController.m */; };
		AF3E5A1F1A76F3EF002574A1 /* ProfileViewController.xib in Resources */ = {isa = PBXBuildFile; fileRef = AF3E5A1D1A76F3EF002574A1 /* ProfileViewController.xib */; };
		AFBAC3CA1A799F0E001BECCA /* iAd.framework in Frameworks */ = {isa = PBXBuildFile; fileRef = AFBAC3C91A799F0E001BECCA /* iAd.framework */; };
		AFE4D1081A78156F00C5377A /* StyleKit.m in Sources */ = {isa = PBXBuildFile; fileRef = AFE4D1071A78156F00C5377A /* StyleKit.m */; };
		AFE4D10E1A781D0500C5377A /* AnswerButton.m in Sources */ = {isa = PBXBuildFile; fileRef = AFE4D10D1A781D0500C5377A /* AnswerButton.m */; };
		AFF84A471A705EEA003DA995 /* SignUpViewController.m in Sources */ = {isa = PBXBuildFile; fileRef = AFF84A451A705EEA003DA995 /* SignUpViewController.m */; };
		AFF84A481A705EEA003DA995 /* SignUpViewController.xib in Resources */ = {isa = PBXBuildFile; fileRef = AFF84A461A705EEA003DA995 /* SignUpViewController.xib */; };
		AFF84A511A70611D003DA995 /* DDLog.m in Sources */ = {isa = PBXBuildFile; fileRef = AFF84A501A70611D003DA995 /* DDLog.m */; };
		AFF84A561A70619D003DA995 /* DDASLLogCapture.m in Sources */ = {isa = PBXBuildFile; fileRef = AFF84A551A70619D003DA995 /* DDASLLogCapture.m */; };
		AFF84A591A7061B5003DA995 /* DDASLLogger.m in Sources */ = {isa = PBXBuildFile; fileRef = AFF84A581A7061B5003DA995 /* DDASLLogger.m */; };
		AFF84A5C1A7061C4003DA995 /* DDTTYLogger.m in Sources */ = {isa = PBXBuildFile; fileRef = AFF84A5B1A7061C4003DA995 /* DDTTYLogger.m */; };
		AFF84A5F1A7061D4003DA995 /* DDFileLogger.m in Sources */ = {isa = PBXBuildFile; fileRef = AFF84A5E1A7061D4003DA995 /* DDFileLogger.m */; };
		AFF9D80E1A793FE400756B02 /* QuestionTableViewCell.m in Sources */ = {isa = PBXBuildFile; fileRef = AFF9D80C1A793FE400756B02 /* QuestionTableViewCell.m */; };
		AFF9D80F1A793FE400756B02 /* QuestionTableViewCell.xib in Resources */ = {isa = PBXBuildFile; fileRef = AFF9D80D1A793FE400756B02 /* QuestionTableViewCell.xib */; };
		AFF9D8131A793FF300756B02 /* AchievementTableViewCell.m in Sources */ = {isa = PBXBuildFile; fileRef = AFF9D8111A793FF300756B02 /* AchievementTableViewCell.m */; };
		AFF9D8141A793FF300756B02 /* AchievementTableViewCell.xib in Resources */ = {isa = PBXBuildFile; fileRef = AFF9D8121A793FF300756B02 /* AchievementTableViewCell.xib */; };
		AFF9D8171A794A4C00756B02 /* PFObject+DateFormat.m in Sources */ = {isa = PBXBuildFile; fileRef = AFF9D8161A794A4C00756B02 /* PFObject+DateFormat.m */; };
		AFF9D81C1A79651E00756B02 /* QuestionResultViewController.m in Sources */ = {isa = PBXBuildFile; fileRef = AFF9D81A1A79651E00756B02 /* QuestionResultViewController.m */; };
		AFF9D81D1A79651E00756B02 /* QuestionResultViewController.xib in Resources */ = {isa = PBXBuildFile; fileRef = AFF9D81B1A79651E00756B02 /* QuestionResultViewController.xib */; };
		AFF9D8211A7970AF00756B02 /* PCPieChart.m in Sources */ = {isa = PBXBuildFile; fileRef = AFF9D8201A7970AF00756B02 /* PCPieChart.m */; };
/* End PBXBuildFile section */

/* Begin PBXContainerItemProxy section */
		AF1E70891A704C0E00FE05CD /* PBXContainerItemProxy */ = {
			isa = PBXContainerItemProxy;
			containerPortal = AF1E70671A704C0D00FE05CD /* Project object */;
			proxyType = 1;
			remoteGlobalIDString = AF1E706E1A704C0D00FE05CD;
			remoteInfo = Hunch;
		};
/* End PBXContainerItemProxy section */

/* Begin PBXFileReference section */
		AF1E706F1A704C0D00FE05CD /* Hunch.app */ = {isa = PBXFileReference; explicitFileType = wrapper.application; includeInIndex = 0; path = Hunch.app; sourceTree = BUILT_PRODUCTS_DIR; };
		AF1E70731A704C0D00FE05CD /* Info.plist */ = {isa = PBXFileReference; lastKnownFileType = text.plist.xml; path = Info.plist; sourceTree = "<group>"; };
		AF1E70741A704C0D00FE05CD /* main.m */ = {isa = PBXFileReference; lastKnownFileType = sourcecode.c.objc; path = main.m; sourceTree = "<group>"; };
		AF1E70761A704C0D00FE05CD /* AppDelegate.h */ = {isa = PBXFileReference; lastKnownFileType = sourcecode.c.h; path = AppDelegate.h; sourceTree = "<group>"; };
		AF1E70771A704C0D00FE05CD /* AppDelegate.m */ = {isa = PBXFileReference; lastKnownFileType = sourcecode.c.objc; path = AppDelegate.m; sourceTree = "<group>"; };
		AF1E707F1A704C0D00FE05CD /* Images.xcassets */ = {isa = PBXFileReference; lastKnownFileType = folder.assetcatalog; path = Images.xcassets; sourceTree = "<group>"; };
		AF1E70821A704C0D00FE05CD /* Base */ = {isa = PBXFileReference; lastKnownFileType = file.xib; name = Base; path = Base.lproj/LaunchScreen.xib; sourceTree = "<group>"; };
		AF1E70881A704C0E00FE05CD /* HunchTests.xctest */ = {isa = PBXFileReference; explicitFileType = wrapper.cfbundle; includeInIndex = 0; path = HunchTests.xctest; sourceTree = BUILT_PRODUCTS_DIR; };
		AF1E708D1A704C0E00FE05CD /* Info.plist */ = {isa = PBXFileReference; lastKnownFileType = text.plist.xml; path = Info.plist; sourceTree = "<group>"; };
		AF1E708E1A704C0E00FE05CD /* HunchTests.m */ = {isa = PBXFileReference; lastKnownFileType = sourcecode.c.objc; path = HunchTests.m; sourceTree = "<group>"; };
		AF1E709A1A70500D00FE05CD /* QuestionViewController.h */ = {isa = PBXFileReference; fileEncoding = 4; lastKnownFileType = sourcecode.c.h; path = QuestionViewController.h; sourceTree = "<group>"; };
		AF1E709B1A70500D00FE05CD /* QuestionViewController.m */ = {isa = PBXFileReference; fileEncoding = 4; lastKnownFileType = sourcecode.c.objc; path = QuestionViewController.m; sourceTree = "<group>"; };
		AF1E709C1A70500D00FE05CD /* QuestionViewController.xib */ = {isa = PBXFileReference; fileEncoding = 4; lastKnownFileType = file.xib; path = QuestionViewController.xib; sourceTree = "<group>"; };
		AF1E70A01A70540000FE05CD /* Parse.framework */ = {isa = PBXFileReference; lastKnownFileType = wrapper.framework; path = Parse.framework; sourceTree = "<group>"; };
		AF1E70A21A70541B00FE05CD /* Bolts.framework */ = {isa = PBXFileReference; lastKnownFileType = wrapper.framework; path = Bolts.framework; sourceTree = "<group>"; };
		AF1E70A41A70543D00FE05CD /* AudioToolbox.framework */ = {isa = PBXFileReference; lastKnownFileType = wrapper.framework; name = AudioToolbox.framework; path = System/Library/Frameworks/AudioToolbox.framework; sourceTree = SDKROOT; };
		AF1E70A61A70544400FE05CD /* CFNetwork.framework */ = {isa = PBXFileReference; lastKnownFileType = wrapper.framework; name = CFNetwork.framework; path = System/Library/Frameworks/CFNetwork.framework; sourceTree = SDKROOT; };
		AF1E70A81A70544A00FE05CD /* CoreGraphics.framework */ = {isa = PBXFileReference; lastKnownFileType = wrapper.framework; name = CoreGraphics.framework; path = System/Library/Frameworks/CoreGraphics.framework; sourceTree = SDKROOT; };
		AF1E70AA1A70545000FE05CD /* CoreLocation.framework */ = {isa = PBXFileReference; lastKnownFileType = wrapper.framework; name = CoreLocation.framework; path = System/Library/Frameworks/CoreLocation.framework; sourceTree = SDKROOT; };
		AF1E70AC1A70545900FE05CD /* MobileCoreServices.framework */ = {isa = PBXFileReference; lastKnownFileType = wrapper.framework; name = MobileCoreServices.framework; path = System/Library/Frameworks/MobileCoreServices.framework; sourceTree = SDKROOT; };
		AF1E70AE1A70545F00FE05CD /* QuartzCore.framework */ = {isa = PBXFileReference; lastKnownFileType = wrapper.framework; name = QuartzCore.framework; path = System/Library/Frameworks/QuartzCore.framework; sourceTree = SDKROOT; };
		AF1E70B01A70546600FE05CD /* Security.framework */ = {isa = PBXFileReference; lastKnownFileType = wrapper.framework; name = Security.framework; path = System/Library/Frameworks/Security.framework; sourceTree = SDKROOT; };
		AF1E70B21A70546C00FE05CD /* StoreKit.framework */ = {isa = PBXFileReference; lastKnownFileType = wrapper.framework; name = StoreKit.framework; path = System/Library/Frameworks/StoreKit.framework; sourceTree = SDKROOT; };
		AF1E70B41A70547600FE05CD /* SystemConfiguration.framework */ = {isa = PBXFileReference; lastKnownFileType = wrapper.framework; name = SystemConfiguration.framework; path = System/Library/Frameworks/SystemConfiguration.framework; sourceTree = SDKROOT; };
		AF1E70B61A70547E00FE05CD /* libz.dylib */ = {isa = PBXFileReference; lastKnownFileType = "compiled.mach-o.dylib"; name = libz.dylib; path = usr/lib/libz.dylib; sourceTree = SDKROOT; };
		AF1E70B81A70548600FE05CD /* libsqlite3.dylib */ = {isa = PBXFileReference; lastKnownFileType = "compiled.mach-o.dylib"; name = libsqlite3.dylib; path = usr/lib/libsqlite3.dylib; sourceTree = SDKROOT; };
		AF1E70BA1A7054EF00FE05CD /* Constants.h */ = {isa = PBXFileReference; fileEncoding = 4; lastKnownFileType = sourcecode.c.h; path = Constants.h; sourceTree = "<group>"; };
		AF1E70BC1A70585900FE05CD /* AskQuestionViewController.h */ = {isa = PBXFileReference; fileEncoding = 4; lastKnownFileType = sourcecode.c.h; path = AskQuestionViewController.h; sourceTree = "<group>"; };
		AF1E70BD1A70585900FE05CD /* AskQuestionViewController.m */ = {isa = PBXFileReference; fileEncoding = 4; lastKnownFileType = sourcecode.c.objc; path = AskQuestionViewController.m; sourceTree = "<group>"; };
		AF1E70BE1A70585900FE05CD /* AskQuestionViewController.xib */ = {isa = PBXFileReference; fileEncoding = 4; lastKnownFileType = file.xib; path = AskQuestionViewController.xib; sourceTree = "<group>"; };
		AF3E5A171A7694B4002574A1 /* UIControl+NextControl.h */ = {isa = PBXFileReference; fileEncoding = 4; lastKnownFileType = sourcecode.c.h; path = "UIControl+NextControl.h"; sourceTree = "<group>"; };
		AF3E5A181A7694B4002574A1 /* UIControl+NextControl.m */ = {isa = PBXFileReference; fileEncoding = 4; lastKnownFileType = sourcecode.c.objc; path = "UIControl+NextControl.m"; sourceTree = "<group>"; };
		AF3E5A1B1A76F3EF002574A1 /* ProfileViewController.h */ = {isa = PBXFileReference; fileEncoding = 4; lastKnownFileType = sourcecode.c.h; path = ProfileViewController.h; sourceTree = "<group>"; };
		AF3E5A1C1A76F3EF002574A1 /* ProfileViewController.m */ = {isa = PBXFileReference; fileEncoding = 4; lastKnownFileType = sourcecode.c.objc; path = ProfileViewController.m; sourceTree = "<group>"; };
		AF3E5A1D1A76F3EF002574A1 /* ProfileViewController.xib */ = {isa = PBXFileReference; fileEncoding = 4; lastKnownFileType = file.xib; path = ProfileViewController.xib; sourceTree = "<group>"; };
		AFBAC3C91A799F0E001BECCA /* iAd.framework */ = {isa = PBXFileReference; lastKnownFileType = wrapper.framework; name = iAd.framework; path = System/Library/Frameworks/iAd.framework; sourceTree = SDKROOT; };
		AFE4D1061A78156F00C5377A /* StyleKit.h */ = {isa = PBXFileReference; fileEncoding = 4; lastKnownFileType = sourcecode.c.h; path = StyleKit.h; sourceTree = "<group>"; };
		AFE4D1071A78156F00C5377A /* StyleKit.m */ = {isa = PBXFileReference; fileEncoding = 4; lastKnownFileType = sourcecode.c.objc; path = StyleKit.m; sourceTree = "<group>"; };
		AFE4D10C1A781D0500C5377A /* AnswerButton.h */ = {isa = PBXFileReference; fileEncoding = 4; lastKnownFileType = sourcecode.c.h; path = AnswerButton.h; sourceTree = "<group>"; };
		AFE4D10D1A781D0500C5377A /* AnswerButton.m */ = {isa = PBXFileReference; fileEncoding = 4; lastKnownFileType = sourcecode.c.objc; path = AnswerButton.m; sourceTree = "<group>"; };
		AFF84A441A705EEA003DA995 /* SignUpViewController.h */ = {isa = PBXFileReference; fileEncoding = 4; lastKnownFileType = sourcecode.c.h; path = SignUpViewController.h; sourceTree = "<group>"; };
		AFF84A451A705EEA003DA995 /* SignUpViewController.m */ = {isa = PBXFileReference; fileEncoding = 4; lastKnownFileType = sourcecode.c.objc; path = SignUpViewController.m; sourceTree = "<group>"; };
		AFF84A461A705EEA003DA995 /* SignUpViewController.xib */ = {isa = PBXFileReference; fileEncoding = 4; lastKnownFileType = file.xib; path = SignUpViewController.xib; sourceTree = "<group>"; };
		AFF84A4E1A7060FA003DA995 /* CocoaLumberjack.h */ = {isa = PBXFileReference; lastKnownFileType = sourcecode.c.h; path = CocoaLumberjack.h; sourceTree = "<group>"; };
		AFF84A4F1A70611D003DA995 /* DDLog.h */ = {isa = PBXFileReference; fileEncoding = 4; lastKnownFileType = sourcecode.c.h; path = DDLog.h; sourceTree = "<group>"; };
		AFF84A501A70611D003DA995 /* DDLog.m */ = {isa = PBXFileReference; fileEncoding = 4; lastKnownFileType = sourcecode.c.objc; path = DDLog.m; sourceTree = "<group>"; };
		AFF84A521A70617A003DA995 /* DDLogMacros.h */ = {isa = PBXFileReference; lastKnownFileType = sourcecode.c.h; path = DDLogMacros.h; sourceTree = "<group>"; };
		AFF84A531A706190003DA995 /* DDAssertMacros.h */ = {isa = PBXFileReference; lastKnownFileType = sourcecode.c.h; path = DDAssertMacros.h; sourceTree = "<group>"; };
		AFF84A541A70619D003DA995 /* DDASLLogCapture.h */ = {isa = PBXFileReference; fileEncoding = 4; lastKnownFileType = sourcecode.c.h; path = DDASLLogCapture.h; sourceTree = "<group>"; };
		AFF84A551A70619D003DA995 /* DDASLLogCapture.m */ = {isa = PBXFileReference; fileEncoding = 4; lastKnownFileType = sourcecode.c.objc; path = DDASLLogCapture.m; sourceTree = "<group>"; };
		AFF84A571A7061B5003DA995 /* DDASLLogger.h */ = {isa = PBXFileReference; fileEncoding = 4; lastKnownFileType = sourcecode.c.h; path = DDASLLogger.h; sourceTree = "<group>"; };
		AFF84A581A7061B5003DA995 /* DDASLLogger.m */ = {isa = PBXFileReference; fileEncoding = 4; lastKnownFileType = sourcecode.c.objc; path = DDASLLogger.m; sourceTree = "<group>"; };
		AFF84A5A1A7061C4003DA995 /* DDTTYLogger.h */ = {isa = PBXFileReference; fileEncoding = 4; lastKnownFileType = sourcecode.c.h; path = DDTTYLogger.h; sourceTree = "<group>"; };
		AFF84A5B1A7061C4003DA995 /* DDTTYLogger.m */ = {isa = PBXFileReference; fileEncoding = 4; lastKnownFileType = sourcecode.c.objc; path = DDTTYLogger.m; sourceTree = "<group>"; };
		AFF84A5D1A7061D4003DA995 /* DDFileLogger.h */ = {isa = PBXFileReference; fileEncoding = 4; lastKnownFileType = sourcecode.c.h; path = DDFileLogger.h; sourceTree = "<group>"; };
		AFF84A5E1A7061D4003DA995 /* DDFileLogger.m */ = {isa = PBXFileReference; fileEncoding = 4; lastKnownFileType = sourcecode.c.objc; path = DDFileLogger.m; sourceTree = "<group>"; };
		AFF9D80B1A793FE400756B02 /* QuestionTableViewCell.h */ = {isa = PBXFileReference; fileEncoding = 4; lastKnownFileType = sourcecode.c.h; path = QuestionTableViewCell.h; sourceTree = "<group>"; };
		AFF9D80C1A793FE400756B02 /* QuestionTableViewCell.m */ = {isa = PBXFileReference; fileEncoding = 4; lastKnownFileType = sourcecode.c.objc; path = QuestionTableViewCell.m; sourceTree = "<group>"; };
		AFF9D80D1A793FE400756B02 /* QuestionTableViewCell.xib */ = {isa = PBXFileReference; fileEncoding = 4; lastKnownFileType = file.xib; path = QuestionTableViewCell.xib; sourceTree = "<group>"; };
		AFF9D8101A793FF300756B02 /* AchievementTableViewCell.h */ = {isa = PBXFileReference; fileEncoding = 4; lastKnownFileType = sourcecode.c.h; path = AchievementTableViewCell.h; sourceTree = "<group>"; };
		AFF9D8111A793FF300756B02 /* AchievementTableViewCell.m */ = {isa = PBXFileReference; fileEncoding = 4; lastKnownFileType = sourcecode.c.objc; path = AchievementTableViewCell.m; sourceTree = "<group>"; };
		AFF9D8121A793FF300756B02 /* AchievementTableViewCell.xib */ = {isa = PBXFileReference; fileEncoding = 4; lastKnownFileType = file.xib; path = AchievementTableViewCell.xib; sourceTree = "<group>"; };
		AFF9D8151A794A4C00756B02 /* PFObject+DateFormat.h */ = {isa = PBXFileReference; fileEncoding = 4; lastKnownFileType = sourcecode.c.h; path = "PFObject+DateFormat.h"; sourceTree = "<group>"; };
		AFF9D8161A794A4C00756B02 /* PFObject+DateFormat.m */ = {isa = PBXFileReference; fileEncoding = 4; lastKnownFileType = sourcecode.c.objc; path = "PFObject+DateFormat.m"; sourceTree = "<group>"; };
		AFF9D8191A79651E00756B02 /* QuestionResultViewController.h */ = {isa = PBXFileReference; fileEncoding = 4; lastKnownFileType = sourcecode.c.h; path = QuestionResultViewController.h; sourceTree = "<group>"; };
		AFF9D81A1A79651E00756B02 /* QuestionResultViewController.m */ = {isa = PBXFileReference; fileEncoding = 4; lastKnownFileType = sourcecode.c.objc; path = QuestionResultViewController.m; sourceTree = "<group>"; };
		AFF9D81B1A79651E00756B02 /* QuestionResultViewController.xib */ = {isa = PBXFileReference; fileEncoding = 4; lastKnownFileType = file.xib; path = QuestionResultViewController.xib; sourceTree = "<group>"; };
		AFF9D81F1A7970AF00756B02 /* PCPieChart.h */ = {isa = PBXFileReference; fileEncoding = 4; lastKnownFileType = sourcecode.c.h; path = PCPieChart.h; sourceTree = "<group>"; };
		AFF9D8201A7970AF00756B02 /* PCPieChart.m */ = {isa = PBXFileReference; fileEncoding = 4; lastKnownFileType = sourcecode.c.objc; path = PCPieChart.m; sourceTree = "<group>"; };
/* End PBXFileReference section */

/* Begin PBXFrameworksBuildPhase section */
		AF1E706C1A704C0D00FE05CD /* Frameworks */ = {
			isa = PBXFrameworksBuildPhase;
			buildActionMask = 2147483647;
			files = (
				AFBAC3CA1A799F0E001BECCA /* iAd.framework in Frameworks */,
				AF1E70B91A70548600FE05CD /* libsqlite3.dylib in Frameworks */,
				AF1E70B71A70547E00FE05CD /* libz.dylib in Frameworks */,
				AF1E70B51A70547600FE05CD /* SystemConfiguration.framework in Frameworks */,
				AF1E70B31A70546C00FE05CD /* StoreKit.framework in Frameworks */,
				AF1E70B11A70546600FE05CD /* Security.framework in Frameworks */,
				AF1E70AF1A70545F00FE05CD /* QuartzCore.framework in Frameworks */,
				AF1E70AD1A70545900FE05CD /* MobileCoreServices.framework in Frameworks */,
				AF1E70AB1A70545000FE05CD /* CoreLocation.framework in Frameworks */,
				AF1E70A91A70544A00FE05CD /* CoreGraphics.framework in Frameworks */,
				AF1E70A71A70544400FE05CD /* CFNetwork.framework in Frameworks */,
				AF1E70A51A70543D00FE05CD /* AudioToolbox.framework in Frameworks */,
				AF1E70A11A70540000FE05CD /* Parse.framework in Frameworks */,
				AF1E70A31A70541B00FE05CD /* Bolts.framework in Frameworks */,
			);
			runOnlyForDeploymentPostprocessing = 0;
		};
		AF1E70851A704C0E00FE05CD /* Frameworks */ = {
			isa = PBXFrameworksBuildPhase;
			buildActionMask = 2147483647;
			files = (
			);
			runOnlyForDeploymentPostprocessing = 0;
		};
/* End PBXFrameworksBuildPhase section */

/* Begin PBXGroup section */
		AF1E70661A704C0D00FE05CD = {
			isa = PBXGroup;
			children = (
				AF1E70711A704C0D00FE05CD /* Hunch */,
				AF1E708B1A704C0E00FE05CD /* HunchTests */,
				AF1E70701A704C0D00FE05CD /* Products */,
			);
			sourceTree = "<group>";
		};
		AF1E70701A704C0D00FE05CD /* Products */ = {
			isa = PBXGroup;
			children = (
				AF1E706F1A704C0D00FE05CD /* Hunch.app */,
				AF1E70881A704C0E00FE05CD /* HunchTests.xctest */,
			);
			name = Products;
			sourceTree = "<group>";
		};
		AF1E70711A704C0D00FE05CD /* Hunch */ = {
			isa = PBXGroup;
			children = (
				AF1E70761A704C0D00FE05CD /* AppDelegate.h */,
				AF1E70771A704C0D00FE05CD /* AppDelegate.m */,
				AF1E70BA1A7054EF00FE05CD /* Constants.h */,
				AF1E707F1A704C0D00FE05CD /* Images.xcassets */,
				AF1E70811A704C0D00FE05CD /* LaunchScreen.xib */,
				AF1E70991A704FD300FE05CD /* Question View */,
				AF1E70BB1A70583E00FE05CD /* Ask Question View */,
				AF3E5A1A1A76F3CF002574A1 /* Profile View */,
				AFF9D8181A7964F200756B02 /* Question Result View */,
				AFF84A431A705EB4003DA995 /* Sign Up View */,
				AFF9D81E1A79708500756B02 /* honcheng/iOSPlot */,
				AFE4D1051A7807D300C5377A /* Style Kit */,
				AFE4D1041A7807BA00C5377A /* Extensions */,
				AF1E70721A704C0D00FE05CD /* Supporting Files */,
				AFF84A491A706076003DA995 /* Cocoa Lumberjack */,
				AF1E709F1A7053B800FE05CD /* Frameworks */,
			);
			path = Hunch;
			sourceTree = "<group>";
		};
		AF1E70721A704C0D00FE05CD /* Supporting Files */ = {
			isa = PBXGroup;
			children = (
				AF1E70731A704C0D00FE05CD /* Info.plist */,
				AF1E70741A704C0D00FE05CD /* main.m */,
			);
			name = "Supporting Files";
			sourceTree = "<group>";
		};
		AF1E708B1A704C0E00FE05CD /* HunchTests */ = {
			isa = PBXGroup;
			children = (
				AF1E708E1A704C0E00FE05CD /* HunchTests.m */,
				AF1E708C1A704C0E00FE05CD /* Supporting Files */,
			);
			path = HunchTests;
			sourceTree = "<group>";
		};
		AF1E708C1A704C0E00FE05CD /* Supporting Files */ = {
			isa = PBXGroup;
			children = (
				AF1E708D1A704C0E00FE05CD /* Info.plist */,
			);
			name = "Supporting Files";
			sourceTree = "<group>";
		};
		AF1E70991A704FD300FE05CD /* Question View */ = {
			isa = PBXGroup;
			children = (
				AF1E709A1A70500D00FE05CD /* QuestionViewController.h */,
				AF1E709B1A70500D00FE05CD /* QuestionViewController.m */,
				AF1E709C1A70500D00FE05CD /* QuestionViewController.xib */,
				AFE4D10C1A781D0500C5377A /* AnswerButton.h */,
				AFE4D10D1A781D0500C5377A /* AnswerButton.m */,
			);
			name = "Question View";
			sourceTree = "<group>";
		};
		AF1E709F1A7053B800FE05CD /* Frameworks */ = {
			isa = PBXGroup;
			children = (
				AFBAC3C91A799F0E001BECCA /* iAd.framework */,
				AF1E70B81A70548600FE05CD /* libsqlite3.dylib */,
				AF1E70B61A70547E00FE05CD /* libz.dylib */,
				AF1E70B41A70547600FE05CD /* SystemConfiguration.framework */,
				AF1E70B21A70546C00FE05CD /* StoreKit.framework */,
				AF1E70B01A70546600FE05CD /* Security.framework */,
				AF1E70AE1A70545F00FE05CD /* QuartzCore.framework */,
				AF1E70AC1A70545900FE05CD /* MobileCoreServices.framework */,
				AF1E70AA1A70545000FE05CD /* CoreLocation.framework */,
				AF1E70A81A70544A00FE05CD /* CoreGraphics.framework */,
				AF1E70A61A70544400FE05CD /* CFNetwork.framework */,
				AF1E70A41A70543D00FE05CD /* AudioToolbox.framework */,
				AF1E70A21A70541B00FE05CD /* Bolts.framework */,
				AF1E70A01A70540000FE05CD /* Parse.framework */,
			);
			name = Frameworks;
			sourceTree = "<group>";
		};
		AF1E70BB1A70583E00FE05CD /* Ask Question View */ = {
			isa = PBXGroup;
			children = (
				AF1E70BC1A70585900FE05CD /* AskQuestionViewController.h */,
				AF1E70BD1A70585900FE05CD /* AskQuestionViewController.m */,
				AF1E70BE1A70585900FE05CD /* AskQuestionViewController.xib */,
			);
			name = "Ask Question View";
			sourceTree = "<group>";
		};
		AF3E5A1A1A76F3CF002574A1 /* Profile View */ = {
			isa = PBXGroup;
			children = (
				AF3E5A1B1A76F3EF002574A1 /* ProfileViewController.h */,
				AF3E5A1C1A76F3EF002574A1 /* ProfileViewController.m */,
				AF3E5A1D1A76F3EF002574A1 /* ProfileViewController.xib */,
				AFF9D80B1A793FE400756B02 /* QuestionTableViewCell.h */,
				AFF9D80C1A793FE400756B02 /* QuestionTableViewCell.m */,
				AFF9D80D1A793FE400756B02 /* QuestionTableViewCell.xib */,
				AFF9D8101A793FF300756B02 /* AchievementTableViewCell.h */,
				AFF9D8111A793FF300756B02 /* AchievementTableViewCell.m */,
				AFF9D8121A793FF300756B02 /* AchievementTableViewCell.xib */,
			);
			name = "Profile View";
			sourceTree = "<group>";
		};
		AFE4D1041A7807BA00C5377A /* Extensions */ = {
			isa = PBXGroup;
			children = (
				AF3E5A171A7694B4002574A1 /* UIControl+NextControl.h */,
				AF3E5A181A7694B4002574A1 /* UIControl+NextControl.m */,
				AFF9D8151A794A4C00756B02 /* PFObject+DateFormat.h */,
				AFF9D8161A794A4C00756B02 /* PFObject+DateFormat.m */,
			);
			name = Extensions;
			sourceTree = "<group>";
		};
		AFE4D1051A7807D300C5377A /* Style Kit */ = {
			isa = PBXGroup;
			children = (
				AFE4D1061A78156F00C5377A /* StyleKit.h */,
				AFE4D1071A78156F00C5377A /* StyleKit.m */,
			);
			name = "Style Kit";
			sourceTree = "<group>";
		};
		AFF84A431A705EB4003DA995 /* Sign Up View */ = {
			isa = PBXGroup;
			children = (
				AFF84A441A705EEA003DA995 /* SignUpViewController.h */,
				AFF84A451A705EEA003DA995 /* SignUpViewController.m */,
				AFF84A461A705EEA003DA995 /* SignUpViewController.xib */,
			);
			name = "Sign Up View";
			sourceTree = "<group>";
		};
		AFF84A491A706076003DA995 /* Cocoa Lumberjack */ = {
			isa = PBXGroup;
			children = (
				AFF84A4E1A7060FA003DA995 /* CocoaLumberjack.h */,
				AFF84A4F1A70611D003DA995 /* DDLog.h */,
				AFF84A501A70611D003DA995 /* DDLog.m */,
				AFF84A521A70617A003DA995 /* DDLogMacros.h */,
				AFF84A531A706190003DA995 /* DDAssertMacros.h */,
				AFF84A541A70619D003DA995 /* DDASLLogCapture.h */,
				AFF84A551A70619D003DA995 /* DDASLLogCapture.m */,
				AFF84A571A7061B5003DA995 /* DDASLLogger.h */,
				AFF84A581A7061B5003DA995 /* DDASLLogger.m */,
				AFF84A5A1A7061C4003DA995 /* DDTTYLogger.h */,
				AFF84A5B1A7061C4003DA995 /* DDTTYLogger.m */,
				AFF84A5D1A7061D4003DA995 /* DDFileLogger.h */,
				AFF84A5E1A7061D4003DA995 /* DDFileLogger.m */,
			);
			name = "Cocoa Lumberjack";
			sourceTree = "<group>";
		};
		AFF9D8181A7964F200756B02 /* Question Result View */ = {
			isa = PBXGroup;
			children = (
				AFF9D8191A79651E00756B02 /* QuestionResultViewController.h */,
				AFF9D81A1A79651E00756B02 /* QuestionResultViewController.m */,
				AFF9D81B1A79651E00756B02 /* QuestionResultViewController.xib */,
			);
			name = "Question Result View";
			sourceTree = "<group>";
		};
		AFF9D81E1A79708500756B02 /* honcheng/iOSPlot */ = {
			isa = PBXGroup;
			children = (
				AFF9D81F1A7970AF00756B02 /* PCPieChart.h */,
				AFF9D8201A7970AF00756B02 /* PCPieChart.m */,
			);
			name = honcheng/iOSPlot;
			sourceTree = "<group>";
		};
/* End PBXGroup section */

/* Begin PBXNativeTarget section */
		AF1E706E1A704C0D00FE05CD /* Hunch */ = {
			isa = PBXNativeTarget;
			buildConfigurationList = AF1E70921A704C0E00FE05CD /* Build configuration list for PBXNativeTarget "Hunch" */;
			buildPhases = (
				AF1E706B1A704C0D00FE05CD /* Sources */,
				AF1E706C1A704C0D00FE05CD /* Frameworks */,
				AF1E706D1A704C0D00FE05CD /* Resources */,
				AF1E70981A704E9400FE05CD /* ShellScript */,
			);
			buildRules = (
			);
			dependencies = (
			);
			name = Hunch;
			productName = Hunch;
			productReference = AF1E706F1A704C0D00FE05CD /* Hunch.app */;
			productType = "com.apple.product-type.application";
		};
		AF1E70871A704C0E00FE05CD /* HunchTests */ = {
			isa = PBXNativeTarget;
			buildConfigurationList = AF1E70951A704C0E00FE05CD /* Build configuration list for PBXNativeTarget "HunchTests" */;
			buildPhases = (
				AF1E70841A704C0E00FE05CD /* Sources */,
				AF1E70851A704C0E00FE05CD /* Frameworks */,
				AF1E70861A704C0E00FE05CD /* Resources */,
			);
			buildRules = (
			);
			dependencies = (
				AF1E708A1A704C0E00FE05CD /* PBXTargetDependency */,
			);
			name = HunchTests;
			productName = HunchTests;
			productReference = AF1E70881A704C0E00FE05CD /* HunchTests.xctest */;
			productType = "com.apple.product-type.bundle.unit-test";
		};
/* End PBXNativeTarget section */

/* Begin PBXProject section */
		AF1E70671A704C0D00FE05CD /* Project object */ = {
			isa = PBXProject;
			attributes = {
				LastUpgradeCheck = 0610;
				ORGANIZATIONNAME = "Anthony Picciano";
				TargetAttributes = {
					AF1E706E1A704C0D00FE05CD = {
						CreatedOnToolsVersion = 6.1.1;
						DevelopmentTeam = PC5SP4V242;
					};
					AF1E70871A704C0E00FE05CD = {
						CreatedOnToolsVersion = 6.1.1;
						TestTargetID = AF1E706E1A704C0D00FE05CD;
					};
				};
			};
			buildConfigurationList = AF1E706A1A704C0D00FE05CD /* Build configuration list for PBXProject "Hunch" */;
			compatibilityVersion = "Xcode 3.2";
			developmentRegion = English;
			hasScannedForEncodings = 0;
			knownRegions = (
				en,
				Base,
			);
			mainGroup = AF1E70661A704C0D00FE05CD;
			productRefGroup = AF1E70701A704C0D00FE05CD /* Products */;
			projectDirPath = "";
			projectRoot = "";
			targets = (
				AF1E706E1A704C0D00FE05CD /* Hunch */,
				AF1E70871A704C0E00FE05CD /* HunchTests */,
			);
		};
/* End PBXProject section */

/* Begin PBXResourcesBuildPhase section */
		AF1E706D1A704C0D00FE05CD /* Resources */ = {
			isa = PBXResourcesBuildPhase;
			buildActionMask = 2147483647;
			files = (
				AF3E5A1F1A76F3EF002574A1 /* ProfileViewController.xib in Resources */,
				AFF9D8141A793FF300756B02 /* AchievementTableViewCell.xib in Resources */,
				AFF84A481A705EEA003DA995 /* SignUpViewController.xib in Resources */,
				AF1E70C01A70585900FE05CD /* AskQuestionViewController.xib in Resources */,
				AF1E70831A704C0D00FE05CD /* LaunchScreen.xib in Resources */,
				AFF9D81D1A79651E00756B02 /* QuestionResultViewController.xib in Resources */,
				AF1E70801A704C0D00FE05CD /* Images.xcassets in Resources */,
				AFF9D80F1A793FE400756B02 /* QuestionTableViewCell.xib in Resources */,
				AF1E709E1A70500D00FE05CD /* QuestionViewController.xib in Resources */,
			);
			runOnlyForDeploymentPostprocessing = 0;
		};
		AF1E70861A704C0E00FE05CD /* Resources */ = {
			isa = PBXResourcesBuildPhase;
			buildActionMask = 2147483647;
			files = (
			);
			runOnlyForDeploymentPostprocessing = 0;
		};
/* End PBXResourcesBuildPhase section */

/* Begin PBXShellScriptBuildPhase section */
		AF1E70981A704E9400FE05CD /* ShellScript */ = {
			isa = PBXShellScriptBuildPhase;
			buildActionMask = 2147483647;
			files = (
			);
			inputPaths = (
			);
			outputPaths = (
			);
			runOnlyForDeploymentPostprocessing = 0;
			shellPath = /bin/sh;
			shellScript = "REV=`git rev-list HEAD | wc -l`\n/usr/libexec/PlistBuddy -c \"Set :CFBundleVersion $REV\" \"${TARGET_BUILD_DIR}/${INFOPLIST_PATH}\"";
		};
/* End PBXShellScriptBuildPhase section */

/* Begin PBXSourcesBuildPhase section */
		AF1E706B1A704C0D00FE05CD /* Sources */ = {
			isa = PBXSourcesBuildPhase;
			buildActionMask = 2147483647;
			files = (
				AFF84A591A7061B5003DA995 /* DDASLLogger.m in Sources */,
				AFF9D8131A793FF300756B02 /* AchievementTableViewCell.m in Sources */,
				AFF9D80E1A793FE400756B02 /* QuestionTableViewCell.m in Sources */,
				AFF84A511A70611D003DA995 /* DDLog.m in Sources */,
				AF1E70BF1A70585900FE05CD /* AskQuestionViewController.m in Sources */,
				AFF84A5C1A7061C4003DA995 /* DDTTYLogger.m in Sources */,
				AFF84A561A70619D003DA995 /* DDASLLogCapture.m in Sources */,
				AFE4D1081A78156F00C5377A /* StyleKit.m in Sources */,
				AFF84A471A705EEA003DA995 /* SignUpViewController.m in Sources */,
				AFF9D8211A7970AF00756B02 /* PCPieChart.m in Sources */,
				AFF9D8171A794A4C00756B02 /* PFObject+DateFormat.m in Sources */,
				AF3E5A191A7694B4002574A1 /* UIControl+NextControl.m in Sources */,
				AF1E70781A704C0D00FE05CD /* AppDelegate.m in Sources */,
				AF1E70751A704C0D00FE05CD /* main.m in Sources */,
				AF1E709D1A70500D00FE05CD /* QuestionViewController.m in Sources */,
				AF3E5A1E1A76F3EF002574A1 /* ProfileViewController.m in Sources */,
				AFE4D10E1A781D0500C5377A /* AnswerButton.m in Sources */,
				AFF84A5F1A7061D4003DA995 /* DDFileLogger.m in Sources */,
				AFF9D81C1A79651E00756B02 /* QuestionResultViewController.m in Sources */,
			);
			runOnlyForDeploymentPostprocessing = 0;
		};
		AF1E70841A704C0E00FE05CD /* Sources */ = {
			isa = PBXSourcesBuildPhase;
			buildActionMask = 2147483647;
			files = (
				AF1E708F1A704C0E00FE05CD /* HunchTests.m in Sources */,
			);
			runOnlyForDeploymentPostprocessing = 0;
		};
/* End PBXSourcesBuildPhase section */

/* Begin PBXTargetDependency section */
		AF1E708A1A704C0E00FE05CD /* PBXTargetDependency */ = {
			isa = PBXTargetDependency;
			target = AF1E706E1A704C0D00FE05CD /* Hunch */;
			targetProxy = AF1E70891A704C0E00FE05CD /* PBXContainerItemProxy */;
		};
/* End PBXTargetDependency section */

/* Begin PBXVariantGroup section */
		AF1E70811A704C0D00FE05CD /* LaunchScreen.xib */ = {
			isa = PBXVariantGroup;
			children = (
				AF1E70821A704C0D00FE05CD /* Base */,
			);
			name = LaunchScreen.xib;
			sourceTree = "<group>";
		};
/* End PBXVariantGroup section */

/* Begin XCBuildConfiguration section */
		AF1E70901A704C0E00FE05CD /* Debug */ = {
			isa = XCBuildConfiguration;
			buildSettings = {
				ALWAYS_SEARCH_USER_PATHS = NO;
				CLANG_CXX_LANGUAGE_STANDARD = "gnu++0x";
				CLANG_CXX_LIBRARY = "libc++";
				CLANG_ENABLE_MODULES = YES;
				CLANG_ENABLE_OBJC_ARC = YES;
				CLANG_WARN_BOOL_CONVERSION = YES;
				CLANG_WARN_CONSTANT_CONVERSION = YES;
				CLANG_WARN_DIRECT_OBJC_ISA_USAGE = YES_ERROR;
				CLANG_WARN_EMPTY_BODY = YES;
				CLANG_WARN_ENUM_CONVERSION = YES;
				CLANG_WARN_INT_CONVERSION = YES;
				CLANG_WARN_OBJC_ROOT_CLASS = YES_ERROR;
				CLANG_WARN_UNREACHABLE_CODE = YES;
				CLANG_WARN__DUPLICATE_METHOD_MATCH = YES;
				"CODE_SIGN_IDENTITY[sdk=iphoneos*]" = "iPhone Developer";
				COPY_PHASE_STRIP = NO;
				ENABLE_STRICT_OBJC_MSGSEND = YES;
				GCC_C_LANGUAGE_STANDARD = gnu99;
				GCC_DYNAMIC_NO_PIC = NO;
				GCC_OPTIMIZATION_LEVEL = 0;
				GCC_PREPROCESSOR_DEFINITIONS = (
					"DEBUG=1",
					"$(inherited)",
				);
				GCC_SYMBOLS_PRIVATE_EXTERN = NO;
				GCC_WARN_64_TO_32_BIT_CONVERSION = YES;
				GCC_WARN_ABOUT_RETURN_TYPE = YES_ERROR;
				GCC_WARN_UNDECLARED_SELECTOR = YES;
				GCC_WARN_UNINITIALIZED_AUTOS = YES_AGGRESSIVE;
				GCC_WARN_UNUSED_FUNCTION = YES;
				GCC_WARN_UNUSED_VARIABLE = YES;
				IPHONEOS_DEPLOYMENT_TARGET = 8.1;
				MTL_ENABLE_DEBUG_INFO = YES;
				ONLY_ACTIVE_ARCH = YES;
				SDKROOT = iphoneos;
			};
			name = Debug;
		};
		AF1E70911A704C0E00FE05CD /* Release */ = {
			isa = XCBuildConfiguration;
			buildSettings = {
				ALWAYS_SEARCH_USER_PATHS = NO;
				CLANG_CXX_LANGUAGE_STANDARD = "gnu++0x";
				CLANG_CXX_LIBRARY = "libc++";
				CLANG_ENABLE_MODULES = YES;
				CLANG_ENABLE_OBJC_ARC = YES;
				CLANG_WARN_BOOL_CONVERSION = YES;
				CLANG_WARN_CONSTANT_CONVERSION = YES;
				CLANG_WARN_DIRECT_OBJC_ISA_USAGE = YES_ERROR;
				CLANG_WARN_EMPTY_BODY = YES;
				CLANG_WARN_ENUM_CONVERSION = YES;
				CLANG_WARN_INT_CONVERSION = YES;
				CLANG_WARN_OBJC_ROOT_CLASS = YES_ERROR;
				CLANG_WARN_UNREACHABLE_CODE = YES;
				CLANG_WARN__DUPLICATE_METHOD_MATCH = YES;
				"CODE_SIGN_IDENTITY[sdk=iphoneos*]" = "iPhone Developer";
				COPY_PHASE_STRIP = YES;
				ENABLE_NS_ASSERTIONS = NO;
				ENABLE_STRICT_OBJC_MSGSEND = YES;
				GCC_C_LANGUAGE_STANDARD = gnu99;
				GCC_WARN_64_TO_32_BIT_CONVERSION = YES;
				GCC_WARN_ABOUT_RETURN_TYPE = YES_ERROR;
				GCC_WARN_UNDECLARED_SELECTOR = YES;
				GCC_WARN_UNINITIALIZED_AUTOS = YES_AGGRESSIVE;
				GCC_WARN_UNUSED_FUNCTION = YES;
				GCC_WARN_UNUSED_VARIABLE = YES;
				IPHONEOS_DEPLOYMENT_TARGET = 8.1;
				MTL_ENABLE_DEBUG_INFO = NO;
				SDKROOT = iphoneos;
				VALIDATE_PRODUCT = YES;
			};
			name = Release;
		};
		AF1E70931A704C0E00FE05CD /* Debug */ = {
			isa = XCBuildConfiguration;
			buildSettings = {
				ASSETCATALOG_COMPILER_APPICON_NAME = AppIcon;
				CODE_SIGN_IDENTITY = "iPhone Developer";
				FRAMEWORK_SEARCH_PATHS = (
					"$(inherited)",
					"$(PROJECT_DIR)/Hunch",
				);
				INFOPLIST_FILE = Hunch/Info.plist;
				LD_RUNPATH_SEARCH_PATHS = "$(inherited) @executable_path/Frameworks";
				PRODUCT_NAME = "$(TARGET_NAME)";
				PROVISIONING_PROFILE = "d270dfff-5f45-4e02-b4e8-9327ec33b12a";
			};
			name = Debug;
		};
		AF1E70941A704C0E00FE05CD /* Release */ = {
			isa = XCBuildConfiguration;
			buildSettings = {
				ASSETCATALOG_COMPILER_APPICON_NAME = AppIcon;
				CODE_SIGN_IDENTITY = "iPhone Distribution: Anthony Picciano (PC5SP4V242)";
				FRAMEWORK_SEARCH_PATHS = (
					"$(inherited)",
					"$(PROJECT_DIR)/Hunch",
				);
				INFOPLIST_FILE = Hunch/Info.plist;
				LD_RUNPATH_SEARCH_PATHS = "$(inherited) @executable_path/Frameworks";
				PRODUCT_NAME = "$(TARGET_NAME)";
				PROVISIONING_PROFILE = "c463d7d3-8b9c-40cd-a0a3-8fef405bd211";
			};
			name = Release;
		};
		AF1E70961A704C0E00FE05CD /* Debug */ = {
			isa = XCBuildConfiguration;
			buildSettings = {
				BUNDLE_LOADER = "$(TEST_HOST)";
				FRAMEWORK_SEARCH_PATHS = (
					"$(SDKROOT)/Developer/Library/Frameworks",
					"$(inherited)",
				);
				GCC_PREPROCESSOR_DEFINITIONS = (
					"DEBUG=1",
					"$(inherited)",
				);
				INFOPLIST_FILE = HunchTests/Info.plist;
				LD_RUNPATH_SEARCH_PATHS = "$(inherited) @executable_path/Frameworks @loader_path/Frameworks";
				PRODUCT_NAME = "$(TARGET_NAME)";
				TEST_HOST = "$(BUILT_PRODUCTS_DIR)/Hunch.app/Hunch";
			};
			name = Debug;
		};
		AF1E70971A704C0E00FE05CD /* Release */ = {
			isa = XCBuildConfiguration;
			buildSettings = {
				BUNDLE_LOADER = "$(TEST_HOST)";
				FRAMEWORK_SEARCH_PATHS = (
					"$(SDKROOT)/Developer/Library/Frameworks",
					"$(inherited)",
				);
				INFOPLIST_FILE = HunchTests/Info.plist;
				LD_RUNPATH_SEARCH_PATHS = "$(inherited) @executable_path/Frameworks @loader_path/Frameworks";
				PRODUCT_NAME = "$(TARGET_NAME)";
				TEST_HOST = "$(BUILT_PRODUCTS_DIR)/Hunch.app/Hunch";
			};
			name = Release;
		};
/* End XCBuildConfiguration section */

/* Begin XCConfigurationList section */
		AF1E706A1A704C0D00FE05CD /* Build configuration list for PBXProject "Hunch" */ = {
			isa = XCConfigurationList;
			buildConfigurations = (
				AF1E70901A704C0E00FE05CD /* Debug */,
				AF1E70911A704C0E00FE05CD /* Release */,
			);
			defaultConfigurationIsVisible = 0;
			defaultConfigurationName = Release;
		};
		AF1E70921A704C0E00FE05CD /* Build configuration list for PBXNativeTarget "Hunch" */ = {
			isa = XCConfigurationList;
			buildConfigurations = (
				AF1E70931A704C0E00FE05CD /* Debug */,
				AF1E70941A704C0E00FE05CD /* Release */,
			);
			defaultConfigurationIsVisible = 0;
			defaultConfigurationName = Release;
		};
		AF1E70951A704C0E00FE05CD /* Build configuration list for PBXNativeTarget "HunchTests" */ = {
			isa = XCConfigurationList;
			buildConfigurations = (
				AF1E70961A704C0E00FE05CD /* Debug */,
				AF1E70971A704C0E00FE05CD /* Release */,
			);
			defaultConfigurationIsVisible = 0;
			defaultConfigurationName = Release;
		};
/* End XCConfigurationList section */
	};
	rootObject = AF1E70671A704C0D00FE05CD /* Project object */;
}
